// !$*UTF8*$!
{
	archiveVersion = 1;
	classes = {
	};
	objectVersion = 55;
	objects = {

/* Begin PBXBuildFile section */
		E507070E27598CD200D46C3E /* ScenekitSampleApp.swift in Sources */ = {isa = PBXBuildFile; fileRef = E507070D27598CD200D46C3E /* ScenekitSampleApp.swift */; };
		E507071027598CD200D46C3E /* ContentView.swift in Sources */ = {isa = PBXBuildFile; fileRef = E507070F27598CD200D46C3E /* ContentView.swift */; };
		E507071227598CD300D46C3E /* Assets.xcassets in Resources */ = {isa = PBXBuildFile; fileRef = E507071127598CD300D46C3E /* Assets.xcassets */; };
		E507071527598CD300D46C3E /* Preview Assets.xcassets in Resources */ = {isa = PBXBuildFile; fileRef = E507071427598CD300D46C3E /* Preview Assets.xcassets */; };
		E507071F27598CD300D46C3E /* ScenekitSampleTests.swift in Sources */ = {isa = PBXBuildFile; fileRef = E507071E27598CD300D46C3E /* ScenekitSampleTests.swift */; };
		E507072927598CD300D46C3E /* ScenekitSampleUITests.swift in Sources */ = {isa = PBXBuildFile; fileRef = E507072827598CD300D46C3E /* ScenekitSampleUITests.swift */; };
		E507072B27598CD300D46C3E /* ScenekitSampleUITestsLaunchTests.swift in Sources */ = {isa = PBXBuildFile; fileRef = E507072A27598CD300D46C3E /* ScenekitSampleUITestsLaunchTests.swift */; };
/* End PBXBuildFile section */

/* Begin PBXContainerItemProxy section */
		E507071B27598CD300D46C3E /* PBXContainerItemProxy */ = {
			isa = PBXContainerItemProxy;
			containerPortal = E507070227598CD200D46C3E /* Project object */;
			proxyType = 1;
			remoteGlobalIDString = E507070927598CD200D46C3E;
			remoteInfo = ScenekitSample;
		};
		E507072527598CD300D46C3E /* PBXContainerItemProxy */ = {
			isa = PBXContainerItemProxy;
			containerPortal = E507070227598CD200D46C3E /* Project object */;
			proxyType = 1;
			remoteGlobalIDString = E507070927598CD200D46C3E;
			remoteInfo = ScenekitSample;
		};
/* End PBXContainerItemProxy section */

/* Begin PBXFileReference section */
		E507070A27598CD200D46C3E /* ScenekitSample.app */ = {isa = PBXFileReference; explicitFileType = wrapper.application; includeInIndex = 0; path = ScenekitSample.app; sourceTree = BUILT_PRODUCTS_DIR; };
		E507070D27598CD200D46C3E /* ScenekitSampleApp.swift */ = {isa = PBXFileReference; lastKnownFileType = sourcecode.swift; path = ScenekitSampleApp.swift; sourceTree = "<group>"; };
		E507070F27598CD200D46C3E /* ContentView.swift */ = {isa = PBXFileReference; lastKnownFileType = sourcecode.swift; path = ContentView.swift; sourceTree = "<group>"; };
		E507071127598CD300D46C3E /* Assets.xcassets */ = {isa = PBXFileReference; lastKnownFileType = folder.assetcatalog; path = Assets.xcassets; sourceTree = "<group>"; };
		E507071427598CD300D46C3E /* Preview Assets.xcassets */ = {isa = PBXFileReference; lastKnownFileType = folder.assetcatalog; path = "Preview Assets.xcassets"; sourceTree = "<group>"; };
		E507071A27598CD300D46C3E /* ScenekitSampleTests.xctest */ = {isa = PBXFileReference; explicitFileType = wrapper.cfbundle; includeInIndex = 0; path = ScenekitSampleTests.xctest; sourceTree = BUILT_PRODUCTS_DIR; };
		E507071E27598CD300D46C3E /* ScenekitSampleTests.swift */ = {isa = PBXFileReference; lastKnownFileType = sourcecode.swift; path = ScenekitSampleTests.swift; sourceTree = "<group>"; };
		E507072427598CD300D46C3E /* ScenekitSampleUITests.xctest */ = {isa = PBXFileReference; explicitFileType = wrapper.cfbundle; includeInIndex = 0; path = ScenekitSampleUITests.xctest; sourceTree = BUILT_PRODUCTS_DIR; };
		E507072827598CD300D46C3E /* ScenekitSampleUITests.swift */ = {isa = PBXFileReference; lastKnownFileType = sourcecode.swift; path = ScenekitSampleUITests.swift; sourceTree = "<group>"; };
		E507072A27598CD300D46C3E /* ScenekitSampleUITestsLaunchTests.swift */ = {isa = PBXFileReference; lastKnownFileType = sourcecode.swift; path = ScenekitSampleUITestsLaunchTests.swift; sourceTree = "<group>"; };
/* End PBXFileReference section */

/* Begin PBXFrameworksBuildPhase section */
		E507070727598CD200D46C3E /* Frameworks */ = {
			isa = PBXFrameworksBuildPhase;
			buildActionMask = 2147483647;
			files = (
			);
			runOnlyForDeploymentPostprocessing = 0;
		};
		E507071727598CD300D46C3E /* Frameworks */ = {
			isa = PBXFrameworksBuildPhase;
			buildActionMask = 2147483647;
			files = (
			);
			runOnlyForDeploymentPostprocessing = 0;
		};
		E507072127598CD300D46C3E /* Frameworks */ = {
			isa = PBXFrameworksBuildPhase;
			buildActionMask = 2147483647;
			files = (
			);
			runOnlyForDeploymentPostprocessing = 0;
		};
/* End PBXFrameworksBuildPhase section */

/* Begin PBXGroup section */
		E507070127598CD200D46C3E = {
			isa = PBXGroup;
			children = (
				E507070C27598CD200D46C3E /* ScenekitSample */,
				E507071D27598CD300D46C3E /* ScenekitSampleTests */,
				E507072727598CD300D46C3E /* ScenekitSampleUITests */,
				E507070B27598CD200D46C3E /* Products */,
			);
			sourceTree = "<group>";
		};
		E507070B27598CD200D46C3E /* Products */ = {
			isa = PBXGroup;
			children = (
				E507070A27598CD200D46C3E /* ScenekitSample.app */,
				E507071A27598CD300D46C3E /* ScenekitSampleTests.xctest */,
				E507072427598CD300D46C3E /* ScenekitSampleUITests.xctest */,
			);
			name = Products;
			sourceTree = "<group>";
		};
		E507070C27598CD200D46C3E /* ScenekitSample */ = {
			isa = PBXGroup;
			children = (
				E507070D27598CD200D46C3E /* ScenekitSampleApp.swift */,
				E507070F27598CD200D46C3E /* ContentView.swift */,
				E507071127598CD300D46C3E /* Assets.xcassets */,
				E507071327598CD300D46C3E /* Preview Content */,
			);
			path = ScenekitSample;
			sourceTree = "<group>";
		};
		E507071327598CD300D46C3E /* Preview Content */ = {
			isa = PBXGroup;
			children = (
				E507071427598CD300D46C3E /* Preview Assets.xcassets */,
			);
			path = "Preview Content";
			sourceTree = "<group>";
		};
		E507071D27598CD300D46C3E /* ScenekitSampleTests */ = {
			isa = PBXGroup;
			children = (
				E507071E27598CD300D46C3E /* ScenekitSampleTests.swift */,
			);
			path = ScenekitSampleTests;
			sourceTree = "<group>";
		};
		E507072727598CD300D46C3E /* ScenekitSampleUITests */ = {
			isa = PBXGroup;
			children = (
				E507072827598CD300D46C3E /* ScenekitSampleUITests.swift */,
				E507072A27598CD300D46C3E /* ScenekitSampleUITestsLaunchTests.swift */,
			);
			path = ScenekitSampleUITests;
			sourceTree = "<group>";
		};
/* End PBXGroup section */

/* Begin PBXNativeTarget section */
		E507070927598CD200D46C3E /* ScenekitSample */ = {
			isa = PBXNativeTarget;
			buildConfigurationList = E507072E27598CD300D46C3E /* Build configuration list for PBXNativeTarget "ScenekitSample" */;
			buildPhases = (
				E507070627598CD200D46C3E /* Sources */,
				E507070727598CD200D46C3E /* Frameworks */,
				E507070827598CD200D46C3E /* Resources */,
			);
			buildRules = (
			);
			dependencies = (
			);
			name = ScenekitSample;
			productName = ScenekitSample;
			productReference = E507070A27598CD200D46C3E /* ScenekitSample.app */;
			productType = "com.apple.product-type.application";
		};
		E507071927598CD300D46C3E /* ScenekitSampleTests */ = {
			isa = PBXNativeTarget;
			buildConfigurationList = E507073127598CD300D46C3E /* Build configuration list for PBXNativeTarget "ScenekitSampleTests" */;
			buildPhases = (
				E507071627598CD300D46C3E /* Sources */,
				E507071727598CD300D46C3E /* Frameworks */,
				E507071827598CD300D46C3E /* Resources */,
			);
			buildRules = (
			);
			dependencies = (
				E507071C27598CD300D46C3E /* PBXTargetDependency */,
			);
			name = ScenekitSampleTests;
			productName = ScenekitSampleTests;
			productReference = E507071A27598CD300D46C3E /* ScenekitSampleTests.xctest */;
			productType = "com.apple.product-type.bundle.unit-test";
		};
		E507072327598CD300D46C3E /* ScenekitSampleUITests */ = {
			isa = PBXNativeTarget;
			buildConfigurationList = E507073427598CD300D46C3E /* Build configuration list for PBXNativeTarget "ScenekitSampleUITests" */;
			buildPhases = (
				E507072027598CD300D46C3E /* Sources */,
				E507072127598CD300D46C3E /* Frameworks */,
				E507072227598CD300D46C3E /* Resources */,
			);
			buildRules = (
			);
			dependencies = (
				E507072627598CD300D46C3E /* PBXTargetDependency */,
			);
			name = ScenekitSampleUITests;
			productName = ScenekitSampleUITests;
			productReference = E507072427598CD300D46C3E /* ScenekitSampleUITests.xctest */;
			productType = "com.apple.product-type.bundle.ui-testing";
		};
/* End PBXNativeTarget section */

/* Begin PBXProject section */
		E507070227598CD200D46C3E /* Project object */ = {
			isa = PBXProject;
			attributes = {
				BuildIndependentTargetsInParallel = 1;
				LastSwiftUpdateCheck = 1310;
				LastUpgradeCheck = 1310;
				TargetAttributes = {
					E507070927598CD200D46C3E = {
						CreatedOnToolsVersion = 13.1;
					};
					E507071927598CD300D46C3E = {
						CreatedOnToolsVersion = 13.1;
						TestTargetID = E507070927598CD200D46C3E;
					};
					E507072327598CD300D46C3E = {
						CreatedOnToolsVersion = 13.1;
						TestTargetID = E507070927598CD200D46C3E;
					};
				};
			};
			buildConfigurationList = E507070527598CD200D46C3E /* Build configuration list for PBXProject "ScenekitSample" */;
			compatibilityVersion = "Xcode 13.0";
			developmentRegion = en;
			hasScannedForEncodings = 0;
			knownRegions = (
				en,
				Base,
			);
			mainGroup = E507070127598CD200D46C3E;
			productRefGroup = E507070B27598CD200D46C3E /* Products */;
			projectDirPath = "";
			projectRoot = "";
			targets = (
				E507070927598CD200D46C3E /* ScenekitSample */,
				E507071927598CD300D46C3E /* ScenekitSampleTests */,
				E507072327598CD300D46C3E /* ScenekitSampleUITests */,
			);
		};
/* End PBXProject section */

/* Begin PBXResourcesBuildPhase section */
		E507070827598CD200D46C3E /* Resources */ = {
			isa = PBXResourcesBuildPhase;
			buildActionMask = 2147483647;
			files = (
				E507071527598CD300D46C3E /* Preview Assets.xcassets in Resources */,
				E507071227598CD300D46C3E /* Assets.xcassets in Resources */,
			);
			runOnlyForDeploymentPostprocessing = 0;
		};
		E507071827598CD300D46C3E /* Resources */ = {
			isa = PBXResourcesBuildPhase;
			buildActionMask = 2147483647;
			files = (
			);
			runOnlyForDeploymentPostprocessing = 0;
		};
		E507072227598CD300D46C3E /* Resources */ = {
			isa = PBXResourcesBuildPhase;
			buildActionMask = 2147483647;
			files = (
			);
			runOnlyForDeploymentPostprocessing = 0;
		};
/* End PBXResourcesBuildPhase section */

/* Begin PBXSourcesBuildPhase section */
		E507070627598CD200D46C3E /* Sources */ = {
			isa = PBXSourcesBuildPhase;
			buildActionMask = 2147483647;
			files = (
				E507071027598CD200D46C3E /* ContentView.swift in Sources */,
				E507070E27598CD200D46C3E /* ScenekitSampleApp.swift in Sources */,
			);
			runOnlyForDeploymentPostprocessing = 0;
		};
		E507071627598CD300D46C3E /* Sources */ = {
			isa = PBXSourcesBuildPhase;
			buildActionMask = 2147483647;
			files = (
				E507071F27598CD300D46C3E /* ScenekitSampleTests.swift in Sources */,
			);
			runOnlyForDeploymentPostprocessing = 0;
		};
		E507072027598CD300D46C3E /* Sources */ = {
			isa = PBXSourcesBuildPhase;
			buildActionMask = 2147483647;
			files = (
				E507072B27598CD300D46C3E /* ScenekitSampleUITestsLaunchTests.swift in Sources */,
				E507072927598CD300D46C3E /* ScenekitSampleUITests.swift in Sources */,
			);
			runOnlyForDeploymentPostprocessing = 0;
		};
/* End PBXSourcesBuildPhase section */

/* Begin PBXTargetDependency section */
		E507071C27598CD300D46C3E /* PBXTargetDependency */ = {
			isa = PBXTargetDependency;
			target = E507070927598CD200D46C3E /* ScenekitSample */;
			targetProxy = E507071B27598CD300D46C3E /* PBXContainerItemProxy */;
		};
		E507072627598CD300D46C3E /* PBXTargetDependency */ = {
			isa = PBXTargetDependency;
			target = E507070927598CD200D46C3E /* ScenekitSample */;
			targetProxy = E507072527598CD300D46C3E /* PBXContainerItemProxy */;
		};
/* End PBXTargetDependency section */

/* Begin XCBuildConfiguration section */
		E507072C27598CD300D46C3E /* Debug */ = {
			isa = XCBuildConfiguration;
			buildSettings = {
				ALWAYS_SEARCH_USER_PATHS = NO;
				CLANG_ANALYZER_NONNULL = YES;
				CLANG_ANALYZER_NUMBER_OBJECT_CONVERSION = YES_AGGRESSIVE;
				CLANG_CXX_LANGUAGE_STANDARD = "gnu++17";
				CLANG_CXX_LIBRARY = "libc++";
				CLANG_ENABLE_MODULES = YES;
				CLANG_ENABLE_OBJC_ARC = YES;
				CLANG_ENABLE_OBJC_WEAK = YES;
				CLANG_WARN_BLOCK_CAPTURE_AUTORELEASING = YES;
				CLANG_WARN_BOOL_CONVERSION = YES;
				CLANG_WARN_COMMA = YES;
				CLANG_WARN_CONSTANT_CONVERSION = YES;
				CLANG_WARN_DEPRECATED_OBJC_IMPLEMENTATIONS = YES;
				CLANG_WARN_DIRECT_OBJC_ISA_USAGE = YES_ERROR;
				CLANG_WARN_DOCUMENTATION_COMMENTS = YES;
				CLANG_WARN_EMPTY_BODY = YES;
				CLANG_WARN_ENUM_CONVERSION = YES;
				CLANG_WARN_INFINITE_RECURSION = YES;
				CLANG_WARN_INT_CONVERSION = YES;
				CLANG_WARN_NON_LITERAL_NULL_CONVERSION = YES;
				CLANG_WARN_OBJC_IMPLICIT_RETAIN_SELF = YES;
				CLANG_WARN_OBJC_LITERAL_CONVERSION = YES;
				CLANG_WARN_OBJC_ROOT_CLASS = YES_ERROR;
				CLANG_WARN_QUOTED_INCLUDE_IN_FRAMEWORK_HEADER = YES;
				CLANG_WARN_RANGE_LOOP_ANALYSIS = YES;
				CLANG_WARN_STRICT_PROTOTYPES = YES;
				CLANG_WARN_SUSPICIOUS_MOVE = YES;
				CLANG_WARN_UNGUARDED_AVAILABILITY = YES_AGGRESSIVE;
				CLANG_WARN_UNREACHABLE_CODE = YES;
				CLANG_WARN__DUPLICATE_METHOD_MATCH = YES;
				COPY_PHASE_STRIP = NO;
				DEBUG_INFORMATION_FORMAT = dwarf;
				ENABLE_STRICT_OBJC_MSGSEND = YES;
				ENABLE_TESTABILITY = YES;
				GCC_C_LANGUAGE_STANDARD = gnu11;
				GCC_DYNAMIC_NO_PIC = NO;
				GCC_NO_COMMON_BLOCKS = YES;
				GCC_OPTIMIZATION_LEVEL = 0;
				GCC_PREPROCESSOR_DEFINITIONS = (
					"DEBUG=1",
					"$(inherited)",
				);
				GCC_WARN_64_TO_32_BIT_CONVERSION = YES;
				GCC_WARN_ABOUT_RETURN_TYPE = YES_ERROR;
				GCC_WARN_UNDECLARED_SELECTOR = YES;
				GCC_WARN_UNINITIALIZED_AUTOS = YES_AGGRESSIVE;
				GCC_WARN_UNUSED_FUNCTION = YES;
				GCC_WARN_UNUSED_VARIABLE = YES;
				IPHONEOS_DEPLOYMENT_TARGET = 15.0;
				MTL_ENABLE_DEBUG_INFO = INCLUDE_SOURCE;
				MTL_FAST_MATH = YES;
				ONLY_ACTIVE_ARCH = YES;
				SDKROOT = iphoneos;
				SWIFT_ACTIVE_COMPILATION_CONDITIONS = DEBUG;
				SWIFT_OPTIMIZATION_LEVEL = "-Onone";
			};
			name = Debug;
		};
		E507072D27598CD300D46C3E /* Release */ = {
			isa = XCBuildConfiguration;
			buildSettings = {
				ALWAYS_SEARCH_USER_PATHS = NO;
				CLANG_ANALYZER_NONNULL = YES;
				CLANG_ANALYZER_NUMBER_OBJECT_CONVERSION = YES_AGGRESSIVE;
				CLANG_CXX_LANGUAGE_STANDARD = "gnu++17";
				CLANG_CXX_LIBRARY = "libc++";
				CLANG_ENABLE_MODULES = YES;
				CLANG_ENABLE_OBJC_ARC = YES;
				CLANG_ENABLE_OBJC_WEAK = YES;
				CLANG_WARN_BLOCK_CAPTURE_AUTORELEASING = YES;
				CLANG_WARN_BOOL_CONVERSION = YES;
				CLANG_WARN_COMMA = YES;
				CLANG_WARN_CONSTANT_CONVERSION = YES;
				CLANG_WARN_DEPRECATED_OBJC_IMPLEMENTATIONS = YES;
				CLANG_WARN_DIRECT_OBJC_ISA_USAGE = YES_ERROR;
				CLANG_WARN_DOCUMENTATION_COMMENTS = YES;
				CLANG_WARN_EMPTY_BODY = YES;
				CLANG_WARN_ENUM_CONVERSION = YES;
				CLANG_WARN_INFINITE_RECURSION = YES;
				CLANG_WARN_INT_CONVERSION = YES;
				CLANG_WARN_NON_LITERAL_NULL_CONVERSION = YES;
				CLANG_WARN_OBJC_IMPLICIT_RETAIN_SELF = YES;
				CLANG_WARN_OBJC_LITERAL_CONVERSION = YES;
				CLANG_WARN_OBJC_ROOT_CLASS = YES_ERROR;
				CLANG_WARN_QUOTED_INCLUDE_IN_FRAMEWORK_HEADER = YES;
				CLANG_WARN_RANGE_LOOP_ANALYSIS = YES;
				CLANG_WARN_STRICT_PROTOTYPES = YES;
				CLANG_WARN_SUSPICIOUS_MOVE = YES;
				CLANG_WARN_UNGUARDED_AVAILABILITY = YES_AGGRESSIVE;
				CLANG_WARN_UNREACHABLE_CODE = YES;
				CLANG_WARN__DUPLICATE_METHOD_MATCH = YES;
				COPY_PHASE_STRIP = NO;
				DEBUG_INFORMATION_FORMAT = "dwarf-with-dsym";
				ENABLE_NS_ASSERTIONS = NO;
				ENABLE_STRICT_OBJC_MSGSEND = YES;
				GCC_C_LANGUAGE_STANDARD = gnu11;
				GCC_NO_COMMON_BLOCKS = YES;
				GCC_WARN_64_TO_32_BIT_CONVERSION = YES;
				GCC_WARN_ABOUT_RETURN_TYPE = YES_ERROR;
				GCC_WARN_UNDECLARED_SELECTOR = YES;
				GCC_WARN_UNINITIALIZED_AUTOS = YES_AGGRESSIVE;
				GCC_WARN_UNUSED_FUNCTION = YES;
				GCC_WARN_UNUSED_VARIABLE = YES;
				IPHONEOS_DEPLOYMENT_TARGET = 15.0;
				MTL_ENABLE_DEBUG_INFO = NO;
				MTL_FAST_MATH = YES;
				SDKROOT = iphoneos;
				SWIFT_COMPILATION_MODE = wholemodule;
				SWIFT_OPTIMIZATION_LEVEL = "-O";
				VALIDATE_PRODUCT = YES;
			};
			name = Release;
		};
		E507072F27598CD300D46C3E /* Debug */ = {
			isa = XCBuildConfiguration;
			buildSettings = {
				ASSETCATALOG_COMPILER_APPICON_NAME = AppIcon;
				ASSETCATALOG_COMPILER_GLOBAL_ACCENT_COLOR_NAME = AccentColor;
				CODE_SIGN_STYLE = Automatic;
				CURRENT_PROJECT_VERSION = 1;
				DEVELOPMENT_ASSET_PATHS = "\"ScenekitSample/Preview Content\"";
				DEVELOPMENT_TEAM = AKQMM94SB8;
				ENABLE_PREVIEWS = YES;
				GENERATE_INFOPLIST_FILE = YES;
				INFOPLIST_KEY_UIApplicationSceneManifest_Generation = YES;
				INFOPLIST_KEY_UIApplicationSupportsIndirectInputEvents = YES;
				INFOPLIST_KEY_UILaunchScreen_Generation = YES;
				INFOPLIST_KEY_UISupportedInterfaceOrientations_iPad = "UIInterfaceOrientationPortrait UIInterfaceOrientationPortraitUpsideDown UIInterfaceOrientationLandscapeLeft UIInterfaceOrientationLandscapeRight";
				INFOPLIST_KEY_UISupportedInterfaceOrientations_iPhone = "UIInterfaceOrientationPortrait UIInterfaceOrientationLandscapeLeft UIInterfaceOrientationLandscapeRight";
				LD_RUNPATH_SEARCH_PATHS = (
					"$(inherited)",
					"@executable_path/Frameworks",
				);
				MARKETING_VERSION = 1.0;
				PRODUCT_BUNDLE_IDENTIFIER = "Matsumoto-Shintaro.ScenekitSample";
				PRODUCT_NAME = "$(TARGET_NAME)";
				SWIFT_EMIT_LOC_STRINGS = YES;
				SWIFT_VERSION = 5.0;
				TARGETED_DEVICE_FAMILY = "1,2";
			};
			name = Debug;
		};
		E507073027598CD300D46C3E /* Release */ = {
			isa = XCBuildConfiguration;
			buildSettings = {
				ASSETCATALOG_COMPILER_APPICON_NAME = AppIcon;
				ASSETCATALOG_COMPILER_GLOBAL_ACCENT_COLOR_NAME = AccentColor;
				CODE_SIGN_STYLE = Automatic;
				CURRENT_PROJECT_VERSION = 1;
				DEVELOPMENT_ASSET_PATHS = "\"ScenekitSample/Preview Content\"";
				DEVELOPMENT_TEAM = AKQMM94SB8;
				ENABLE_PREVIEWS = YES;
				GENERATE_INFOPLIST_FILE = YES;
				INFOPLIST_KEY_UIApplicationSceneManifest_Generation = YES;
				INFOPLIST_KEY_UIApplicationSupportsIndirectInputEvents = YES;
				INFOPLIST_KEY_UILaunchScreen_Generation = YES;
				INFOPLIST_KEY_UISupportedInterfaceOrientations_iPad = "UIInterfaceOrientationPortrait UIInterfaceOrientationPortraitUpsideDown UIInterfaceOrientationLandscapeLeft UIInterfaceOrientationLandscapeRight";
				INFOPLIST_KEY_UISupportedInterfaceOrientations_iPhone = "UIInterfaceOrientationPortrait UIInterfaceOrientationLandscapeLeft UIInterfaceOrientationLandscapeRight";
				LD_RUNPATH_SEARCH_PATHS = (
					"$(inherited)",
					"@executable_path/Frameworks",
				);
				MARKETING_VERSION = 1.0;
				PRODUCT_BUNDLE_IDENTIFIER = "Matsumoto-Shintaro.ScenekitSample";
				PRODUCT_NAME = "$(TARGET_NAME)";
				SWIFT_EMIT_LOC_STRINGS = YES;
				SWIFT_VERSION = 5.0;
				TARGETED_DEVICE_FAMILY = "1,2";
			};
			name = Release;
		};
		E507073227598CD300D46C3E /* Debug */ = {
			isa = XCBuildConfiguration;
			buildSettings = {
				ALWAYS_EMBED_SWIFT_STANDARD_LIBRARIES = YES;
				BUNDLE_LOADER = "$(TEST_HOST)";
				CODE_SIGN_STYLE = Automatic;
				CURRENT_PROJECT_VERSION = 1;
				DEVELOPMENT_TEAM = AKQMM94SB8;
				GENERATE_INFOPLIST_FILE = YES;
				IPHONEOS_DEPLOYMENT_TARGET = 15.0;
				LD_RUNPATH_SEARCH_PATHS = (
					"$(inherited)",
					"@executable_path/Frameworks",
					"@loader_path/Frameworks",
				);
				MARKETING_VERSION = 1.0;
				PRODUCT_BUNDLE_IDENTIFIER = "Matsumoto-Shintaro.ScenekitSampleTests";
				PRODUCT_NAME = "$(TARGET_NAME)";
				SWIFT_EMIT_LOC_STRINGS = NO;
				SWIFT_VERSION = 5.0;
				TARGETED_DEVICE_FAMILY = "1,2";
				TEST_HOST = "$(BUILT_PRODUCTS_DIR)/ScenekitSample.app/ScenekitSample";
			};
			name = Debug;
		};
		E507073327598CD300D46C3E /* Release */ = {
			isa = XCBuildConfiguration;
			buildSettings = {
				ALWAYS_EMBED_SWIFT_STANDARD_LIBRARIES = YES;
				BUNDLE_LOADER = "$(TEST_HOST)";
				CODE_SIGN_STYLE = Automatic;
				CURRENT_PROJECT_VERSION = 1;
				DEVELOPMENT_TEAM = AKQMM94SB8;
				GENERATE_INFOPLIST_FILE = YES;
				IPHONEOS_DEPLOYMENT_TARGET = 15.0;
				LD_RUNPATH_SEARCH_PATHS = (
					"$(inherited)",
					"@executable_path/Frameworks",
					"@loader_path/Frameworks",
				);
				MARKETING_VERSION = 1.0;
				PRODUCT_BUNDLE_IDENTIFIER = "Matsumoto-Shintaro.ScenekitSampleTests";
				PRODUCT_NAME = "$(TARGET_NAME)";
				SWIFT_EMIT_LOC_STRINGS = NO;
				SWIFT_VERSION = 5.0;
				TARGETED_DEVICE_FAMILY = "1,2";
				TEST_HOST = "$(BUILT_PRODUCTS_DIR)/ScenekitSample.app/ScenekitSample";
			};
			name = Release;
		};
		E507073527598CD300D46C3E /* Debug */ = {
			isa = XCBuildConfiguration;
			buildSettings = {
				ALWAYS_EMBED_SWIFT_STANDARD_LIBRARIES = YES;
				CODE_SIGN_STYLE = Automatic;
				CURRENT_PROJECT_VERSION = 1;
				DEVELOPMENT_TEAM = AKQMM94SB8;
				GENERATE_INFOPLIST_FILE = YES;
				LD_RUNPATH_SEARCH_PATHS = (
					"$(inherited)",
					"@executable_path/Frameworks",
					"@loader_path/Frameworks",
				);
				MARKETING_VERSION = 1.0;
				PRODUCT_BUNDLE_IDENTIFIER = "Matsumoto-Shintaro.ScenekitSampleUITests";
				PRODUCT_NAME = "$(TARGET_NAME)";
				SWIFT_EMIT_LOC_STRINGS = NO;
				SWIFT_VERSION = 5.0;
				TARGETED_DEVICE_FAMILY = "1,2";
				TEST_TARGET_NAME = ScenekitSample;
			};
			name = Debug;
		};
		E507073627598CD300D46C3E /* Release */ = {
			isa = XCBuildConfiguration;
			buildSettings = {
				ALWAYS_EMBED_SWIFT_STANDARD_LIBRARIES = YES;
				CODE_SIGN_STYLE = Automatic;
				CURRENT_PROJECT_VERSION = 1;
				DEVELOPMENT_TEAM = AKQMM94SB8;
				GENERATE_INFOPLIST_FILE = YES;
				LD_RUNPATH_SEARCH_PATHS = (
					"$(inherited)",
					"@executable_path/Frameworks",
					"@loader_path/Frameworks",
				);
				MARKETING_VERSION = 1.0;
				PRODUCT_BUNDLE_IDENTIFIER = "Matsumoto-Shintaro.ScenekitSampleUITests";
				PRODUCT_NAME = "$(TARGET_NAME)";
				SWIFT_EMIT_LOC_STRINGS = NO;
				SWIFT_VERSION = 5.0;
				TARGETED_DEVICE_FAMILY = "1,2";
				TEST_TARGET_NAME = ScenekitSample;
			};
			name = Release;
		};
/* End XCBuildConfiguration section */

/* Begin XCConfigurationList section */
		E507070527598CD200D46C3E /* Build configuration list for PBXProject "ScenekitSample" */ = {
			isa = XCConfigurationList;
			buildConfigurations = (
				E507072C27598CD300D46C3E /* Debug */,
				E507072D27598CD300D46C3E /* Release */,
			);
			defaultConfigurationIsVisible = 0;
			defaultConfigurationName = Release;
		};
		E507072E27598CD300D46C3E /* Build configuration list for PBXNativeTarget "ScenekitSample" */ = {
			isa = XCConfigurationList;
			buildConfigurations = (
				E507072F27598CD300D46C3E /* Debug */,
				E507073027598CD300D46C3E /* Release */,
			);
			defaultConfigurationIsVisible = 0;
			defaultConfigurationName = Release;
		};
		E507073127598CD300D46C3E /* Build configuration list for PBXNativeTarget "ScenekitSampleTests" */ = {
			isa = XCConfigurationList;
			buildConfigurations = (
				E507073227598CD300D46C3E /* Debug */,
				E507073327598CD300D46C3E /* Release */,
			);
			defaultConfigurationIsVisible = 0;
			defaultConfigurationName = Release;
		};
		E507073427598CD300D46C3E /* Build configuration list for PBXNativeTarget "ScenekitSampleUITests" */ = {
			isa = XCConfigurationList;
			buildConfigurations = (
				E507073527598CD300D46C3E /* Debug */,
				E507073627598CD300D46C3E /* Release */,
			);
			defaultConfigurationIsVisible = 0;
			defaultConfigurationName = Release;
		};
/* End XCConfigurationList section */
	};
	rootObject = E507070227598CD200D46C3E /* Project object */;
}
